Microsoft Visual Studio Solution File, Format Version 12.00
# Visual Studio Version 17
VisualStudioVersion = 17.0.31903.59
MinimumVisualStudioVersion = 10.0.40219.1
Project("{9A19103F-16F7-4668-BE54-9A1E7A4A9E93}") = "NewTso2Pmx.App", "NewTso2Pmx.App\NewTso2Pmx.App.csproj", "{A871A2DB-F60D-42F8-89C4-6381D3BB71B8}"
EndProject
Project("{9A19103F-16F7-4668-BE54-9A1E7A4A9E93}") = "NewTso2Pmx.Compatibility", "NewTso2Pmx.Compatibility\NewTso2Pmx.Compatibility.csproj", "{47872B5A-D7FA-4ED9-9A7C-3129CE040671}"
EndProject
Project("{9A19103F-16F7-4668-BE54-9A1E7A4A9E93}") = "NewTso2Pmx.Core", "NewTso2Pmx.Core\NewTso2Pmx.Core.csproj", "{37A47B7C-757F-4C08-956F-7B6407F80A0F}"
EndProject
Project("{9A19103F-16F7-4668-BE54-9A1E7A4A9E93}") = "NewTso2Pmx.Renderer", "NewTso2Pmx.Renderer\NewTso2Pmx.Renderer.csproj", "{C8ED8573-88F7-49AF-91CB-4F2EC79B8EBD}"
EndProject
Global
	GlobalSection(SolutionConfigurationPlatforms) = preSolution
		Debug|Any CPU = Debug|Any CPU
		Release|Any CPU = Release|Any CPU
	EndGlobalSection
	GlobalSection(ProjectConfigurationPlatforms) = postSolution
		{A871A2DB-F60D-42F8-89C4-6381D3BB71B8}.Debug|Any CPU.ActiveCfg = Debug|Any CPU
		{A871A2DB-F60D-42F8-89C4-6381D3BB71B8}.Debug|Any CPU.Build.0 = Debug|Any CPU
		{A871A2DB-F60D-42F8-89C4-6381D3BB71B8}.Release|Any CPU.ActiveCfg = Release|Any CPU
		{A871A2DB-F60D-42F8-89C4-6381D3BB71B8}.Release|Any CPU.Build.0 = Release|Any CPU
		{47872B5A-D7FA-4ED9-9A7C-3129CE040671}.Debug|Any CPU.ActiveCfg = Debug|Any CPU
		{47872B5A-D7FA-4ED9-9A7C-3129CE040671}.Debug|Any CPU.Build.0 = Debug|Any CPU
		{47872B5A-D7FA-4ED9-9A7C-3129CE040671}.Release|Any CPU.ActiveCfg = Release|Any CPU
		{47872B5A-D7FA-4ED9-9A7C-3129CE040671}.Release|Any CPU.Build.0 = Release|Any CPU
		{37A47B7C-757F-4C08-956F-7B6407F80A0F}.Debug|Any CPU.ActiveCfg = Debug|Any CPU
		{37A47B7C-757F-4C08-956F-7B6407F80A0F}.Debug|Any CPU.Build.0 = Debug|Any CPU
		{37A47B7C-757F-4C08-956F-7B6407F80A0F}.Release|Any CPU.ActiveCfg = Release|Any CPU
		{37A47B7C-757F-4C08-956F-7B6407F80A0F}.Release|Any CPU.Build.0 = Release|Any CPU
		{C8ED8573-88F7-49AF-91CB-4F2EC79B8EBD}.Debug|Any CPU.ActiveCfg = Debug|Any CPU
		{C8ED8573-88F7-49AF-91CB-4F2EC79B8EBD}.Debug|Any CPU.Build.0 = Debug|Any CPU
		{C8ED8573-88F7-49AF-91CB-4F2EC79B8EBD}.Release|Any CPU.ActiveCfg = Release|Any CPU
		{C8ED8573-88F7-49AF-91CB-4F2EC79B8EBD}.Release|Any CPU.Build.0 = Release|Any CPU
	EndGlobalSection
	GlobalSection(SolutionProperties) = preSolution
		HideSolutionNode = FALSE
	EndGlobalSection
	GlobalSection(ExtensibilityGlobals) = postSolution
		SolutionGuid = {8DBF5205-F61E-4D33-A9E1-4ED967D96BFA}
	EndGlobalSection
EndGlobal
